
Microsoft Visual Studio Solution File, Format Version 12.00
# Visual Studio Version 17
VisualStudioVersion = 17.2.32630.192
MinimumVisualStudioVersion = 10.0.40219.1
Project("{9A19103F-16F7-4668-BE54-9A1E7A4F7556}") = "api_online_shop", "api_online_shop\api_online_shop.csproj", "{A8F968C1-4853-4418-8498-CF43159DED98}"
EndProject
Project("{9A19103F-16F7-4668-BE54-9A1E7A4F7556}") = "CB.Entidades", "CB.Entidades\CB.Entidades.csproj", "{E2C0ED0F-7D83-4DAD-BE11-358EF4B7334B}"
EndProject
Project("{9A19103F-16F7-4668-BE54-9A1E7A4F7556}") = "CB.Persistencia", "CB.Persistencia\CB.Persistencia.csproj", "{B39CC4E3-22D4-4316-A041-22F9B198F255}"
EndProject
Project("{2150E333-8FDC-42A3-9474-1A3956D46DE8}") = "Transversal", "Transversal", "{B5CEE9D1-26E2-45D1-AB6F-9EE27C445FD2}"
EndProject
Project("{9A19103F-16F7-4668-BE54-9A1E7A4F7556}") = "Pro.Data.Core", "Pro.Data.Core\Pro.Data.Core.csproj", "{163FE490-69E5-4B22-BEFA-A63196AF7F41}"
EndProject
Project("{9A19103F-16F7-4668-BE54-9A1E7A4F7556}") = "Pro.Data.ICore", "Pro.Data.ICore\Pro.Data.ICore.csproj", "{2AB87EA2-457A-483A-AB32-BEBCD5F9C39B}"
EndProject
Project("{9A19103F-16F7-4668-BE54-9A1E7A4F7556}") = "CB.Core.Aplicacion", "CB.Core.Aplicacion\CB.Core.Aplicacion.csproj", "{F4DE5AE3-4175-4953-9AD1-028877926BEF}"
EndProject
Project("{9A19103F-16F7-4668-BE54-9A1E7A4F7556}") = "CB.Core.ApiHost", "CB.Core.ApiHost\CB.Core.ApiHost.csproj", "{3628805B-AAD3-4568-A5E2-5BCF87F2440A}"
EndProject
Project("{2150E333-8FDC-42A3-9474-1A3956D46DE8}") = "Test", "Test", "{43A65252-7E4E-4A72-9917-B1EF53205572}"
EndProject
Project("{FAE04EC0-301F-11D3-BF4B-00C04F79EFBC}") = "Conceptos", "Conceptos\Conceptos.csproj", "{E78D64AD-130E-4F04-9C7D-ACBA9D91E759}"
EndProject
Global
	GlobalSection(SolutionConfigurationPlatforms) = preSolution
		Debug|Any CPU = Debug|Any CPU
		Release|Any CPU = Release|Any CPU
	EndGlobalSection
	GlobalSection(ProjectConfigurationPlatforms) = postSolution
		{A8F968C1-4853-4418-8498-CF43159DED98}.Debug|Any CPU.ActiveCfg = Debug|Any CPU
		{A8F968C1-4853-4418-8498-CF43159DED98}.Debug|Any CPU.Build.0 = Debug|Any CPU
		{A8F968C1-4853-4418-8498-CF43159DED98}.Release|Any CPU.ActiveCfg = Release|Any CPU
		{A8F968C1-4853-4418-8498-CF43159DED98}.Release|Any CPU.Build.0 = Release|Any CPU
		{E2C0ED0F-7D83-4DAD-BE11-358EF4B7334B}.Debug|Any CPU.ActiveCfg = Debug|Any CPU
		{E2C0ED0F-7D83-4DAD-BE11-358EF4B7334B}.Debug|Any CPU.Build.0 = Debug|Any CPU
		{E2C0ED0F-7D83-4DAD-BE11-358EF4B7334B}.Release|Any CPU.ActiveCfg = Release|Any CPU
		{E2C0ED0F-7D83-4DAD-BE11-358EF4B7334B}.Release|Any CPU.Build.0 = Release|Any CPU
		{B39CC4E3-22D4-4316-A041-22F9B198F255}.Debug|Any CPU.ActiveCfg = Debug|Any CPU
		{B39CC4E3-22D4-4316-A041-22F9B198F255}.Debug|Any CPU.Build.0 = Debug|Any CPU
		{B39CC4E3-22D4-4316-A041-22F9B198F255}.Release|Any CPU.ActiveCfg = Release|Any CPU
		{B39CC4E3-22D4-4316-A041-22F9B198F255}.Release|Any CPU.Build.0 = Release|Any CPU
		{163FE490-69E5-4B22-BEFA-A63196AF7F41}.Debug|Any CPU.ActiveCfg = Debug|Any CPU
		{163FE490-69E5-4B22-BEFA-A63196AF7F41}.Debug|Any CPU.Build.0 = Debug|Any CPU
		{163FE490-69E5-4B22-BEFA-A63196AF7F41}.Release|Any CPU.ActiveCfg = Release|Any CPU
		{163FE490-69E5-4B22-BEFA-A63196AF7F41}.Release|Any CPU.Build.0 = Release|Any CPU
		{2AB87EA2-457A-483A-AB32-BEBCD5F9C39B}.Debug|Any CPU.ActiveCfg = Debug|Any CPU
		{2AB87EA2-457A-483A-AB32-BEBCD5F9C39B}.Debug|Any CPU.Build.0 = Debug|Any CPU
		{2AB87EA2-457A-483A-AB32-BEBCD5F9C39B}.Release|Any CPU.ActiveCfg = Release|Any CPU
		{2AB87EA2-457A-483A-AB32-BEBCD5F9C39B}.Release|Any CPU.Build.0 = Release|Any CPU
		{F4DE5AE3-4175-4953-9AD1-028877926BEF}.Debug|Any CPU.ActiveCfg = Debug|Any CPU
		{F4DE5AE3-4175-4953-9AD1-028877926BEF}.Debug|Any CPU.Build.0 = Debug|Any CPU
		{F4DE5AE3-4175-4953-9AD1-028877926BEF}.Release|Any CPU.ActiveCfg = Release|Any CPU
		{F4DE5AE3-4175-4953-9AD1-028877926BEF}.Release|Any CPU.Build.0 = Release|Any CPU
		{3628805B-AAD3-4568-A5E2-5BCF87F2440A}.Debug|Any CPU.ActiveCfg = Debug|Any CPU
		{3628805B-AAD3-4568-A5E2-5BCF87F2440A}.Debug|Any CPU.Build.0 = Debug|Any CPU
		{3628805B-AAD3-4568-A5E2-5BCF87F2440A}.Release|Any CPU.ActiveCfg = Release|Any CPU
		{3628805B-AAD3-4568-A5E2-5BCF87F2440A}.Release|Any CPU.Build.0 = Release|Any CPU
		{E78D64AD-130E-4F04-9C7D-ACBA9D91E759}.Debug|Any CPU.ActiveCfg = Debug|Any CPU
		{E78D64AD-130E-4F04-9C7D-ACBA9D91E759}.Debug|Any CPU.Build.0 = Debug|Any CPU
		{E78D64AD-130E-4F04-9C7D-ACBA9D91E759}.Release|Any CPU.ActiveCfg = Release|Any CPU
		{E78D64AD-130E-4F04-9C7D-ACBA9D91E759}.Release|Any CPU.Build.0 = Release|Any CPU
	EndGlobalSection
	GlobalSection(SolutionProperties) = preSolution
		HideSolutionNode = FALSE
	EndGlobalSection
	GlobalSection(NestedProjects) = preSolution
		{163FE490-69E5-4B22-BEFA-A63196AF7F41} = {B5CEE9D1-26E2-45D1-AB6F-9EE27C445FD2}
		{2AB87EA2-457A-483A-AB32-BEBCD5F9C39B} = {B5CEE9D1-26E2-45D1-AB6F-9EE27C445FD2}
		{E78D64AD-130E-4F04-9C7D-ACBA9D91E759} = {43A65252-7E4E-4A72-9917-B1EF53205572}
	EndGlobalSection
	GlobalSection(ExtensibilityGlobals) = postSolution
		SolutionGuid = {8F9C9C24-C2B3-40EE-98F8-36261544AEAD}
	EndGlobalSection
EndGlobal
