
Microsoft Visual Studio Solution File, Format Version 12.00
# Visual Studio Version 17
VisualStudioVersion = 17.2.32630.192
MinimumVisualStudioVersion = 10.0.40219.1
Project("{9A19103F-16F7-4668-BE54-9A1E7A4F7556}") = "api_online_shop", "api_online_shop\api_online_shop.csproj", "{A8F968C1-4853-4418-8498-CF43159DED98}"
EndProject
Project("{9A19103F-16F7-4668-BE54-9A1E7A4F7556}") = "CB.Entidades", "CB.Entidades\CB.Entidades.csproj", "{E2C0ED0F-7D83-4DAD-BE11-358EF4B7334B}"
EndProject
Project("{FAE04EC0-301F-11D3-BF4B-00C04F79EFBC}") = "CB.Persistencia", "CB.Persistencia\CB.Persistencia.csproj", "{B39CC4E3-22D4-4316-A041-22F9B198F255}"
EndProject
Global
	GlobalSection(SolutionConfigurationPlatforms) = preSolution
		Debug|Any CPU = Debug|Any CPU
		Release|Any CPU = Release|Any CPU
	EndGlobalSection
	GlobalSection(ProjectConfigurationPlatforms) = postSolution
		{A8F968C1-4853-4418-8498-CF43159DED98}.Debug|Any CPU.ActiveCfg = Debug|Any CPU
		{A8F968C1-4853-4418-8498-CF43159DED98}.Debug|Any CPU.Build.0 = Debug|Any CPU
		{A8F968C1-4853-4418-8498-CF43159DED98}.Release|Any CPU.ActiveCfg = Release|Any CPU
		{A8F968C1-4853-4418-8498-CF43159DED98}.Release|Any CPU.Build.0 = Release|Any CPU
		{E2C0ED0F-7D83-4DAD-BE11-358EF4B7334B}.Debug|Any CPU.ActiveCfg = Debug|Any CPU
		{E2C0ED0F-7D83-4DAD-BE11-358EF4B7334B}.Debug|Any CPU.Build.0 = Debug|Any CPU
		{E2C0ED0F-7D83-4DAD-BE11-358EF4B7334B}.Release|Any CPU.ActiveCfg = Release|Any CPU
		{E2C0ED0F-7D83-4DAD-BE11-358EF4B7334B}.Release|Any CPU.Build.0 = Release|Any CPU
		{B39CC4E3-22D4-4316-A041-22F9B198F255}.Debug|Any CPU.ActiveCfg = Debug|Any CPU
		{B39CC4E3-22D4-4316-A041-22F9B198F255}.Debug|Any CPU.Build.0 = Debug|Any CPU
		{B39CC4E3-22D4-4316-A041-22F9B198F255}.Release|Any CPU.ActiveCfg = Release|Any CPU
		{B39CC4E3-22D4-4316-A041-22F9B198F255}.Release|Any CPU.Build.0 = Release|Any CPU
	EndGlobalSection
	GlobalSection(SolutionProperties) = preSolution
		HideSolutionNode = FALSE
	EndGlobalSection
	GlobalSection(ExtensibilityGlobals) = postSolution
		SolutionGuid = {8F9C9C24-C2B3-40EE-98F8-36261544AEAD}
	EndGlobalSection
EndGlobal
